
Microsoft Visual Studio Solution File, Format Version 12.00
# Visual Studio Version 17
VisualStudioVersion = 17.4.33205.214
MinimumVisualStudioVersion = 10.0.40219.1
Project("{9A19103F-16F7-4668-BE54-9A1E7A4F7556}") = "PudelkoLib", "PudelkoLib\PudelkoLib.csproj", "{3F1DC5AA-C7DB-4E8C-8830-FD343784AC56}"
EndProject
Project("{FAE04EC0-301F-11D3-BF4B-00C04F79EFBC}") = "PudelkoConsoleApp", "PudelkoConsoleApp\PudelkoConsoleApp.csproj", "{C837C691-50D3-4052-8E8C-517C069FB71B}"
EndProject
Global
	GlobalSection(SolutionConfigurationPlatforms) = preSolution
		Debug|Any CPU = Debug|Any CPU
		Release|Any CPU = Release|Any CPU
	EndGlobalSection
	GlobalSection(ProjectConfigurationPlatforms) = postSolution
		{3F1DC5AA-C7DB-4E8C-8830-FD343784AC56}.Debug|Any CPU.ActiveCfg = Debug|Any CPU
		{3F1DC5AA-C7DB-4E8C-8830-FD343784AC56}.Debug|Any CPU.Build.0 = Debug|Any CPU
		{3F1DC5AA-C7DB-4E8C-8830-FD343784AC56}.Release|Any CPU.ActiveCfg = Release|Any CPU
		{3F1DC5AA-C7DB-4E8C-8830-FD343784AC56}.Release|Any CPU.Build.0 = Release|Any CPU
		{C837C691-50D3-4052-8E8C-517C069FB71B}.Debug|Any CPU.ActiveCfg = Debug|Any CPU
		{C837C691-50D3-4052-8E8C-517C069FB71B}.Debug|Any CPU.Build.0 = Debug|Any CPU
		{C837C691-50D3-4052-8E8C-517C069FB71B}.Release|Any CPU.ActiveCfg = Release|Any CPU
		{C837C691-50D3-4052-8E8C-517C069FB71B}.Release|Any CPU.Build.0 = Release|Any CPU
	EndGlobalSection
	GlobalSection(SolutionProperties) = preSolution
		HideSolutionNode = FALSE
	EndGlobalSection
	GlobalSection(ExtensibilityGlobals) = postSolution
		SolutionGuid = {BB7CCC37-B36B-4660-B7BF-9CCB6A0FB600}
	EndGlobalSection
EndGlobal
